// !$*UTF8*$!
{
	archiveVersion = 1;
	classes = {
	};
	objectVersion = 51;
	objects = {

/* Begin PBXBuildFile section */
		3F21B0832472CCEF00181566 /* AppDelegate.swift in Sources */ = {isa = PBXBuildFile; fileRef = 3F21B0822472CCEF00181566 /* AppDelegate.swift */; };
		3F21B0852472CCEF00181566 /* SceneDelegate.swift in Sources */ = {isa = PBXBuildFile; fileRef = 3F21B0842472CCEF00181566 /* SceneDelegate.swift */; };
		3F21B0872472CCEF00181566 /* ViewController.swift in Sources */ = {isa = PBXBuildFile; fileRef = 3F21B0862472CCEF00181566 /* ViewController.swift */; };
		3F21B08A2472CCEF00181566 /* Main.storyboard in Resources */ = {isa = PBXBuildFile; fileRef = 3F21B0882472CCEF00181566 /* Main.storyboard */; };
		3F21B08C2472CCF400181566 /* Assets.xcassets in Resources */ = {isa = PBXBuildFile; fileRef = 3F21B08B2472CCF400181566 /* Assets.xcassets */; };
		3F21B08F2472CCF400181566 /* LaunchScreen.storyboard in Resources */ = {isa = PBXBuildFile; fileRef = 3F21B08D2472CCF400181566 /* LaunchScreen.storyboard */; };
		3F2559782489E3E4004E0931 /* GoogleService-Info.plist in Resources */ = {isa = PBXBuildFile; fileRef = 3F2559772489E3E4004E0931 /* GoogleService-Info.plist */; };
		3F8F85F6248CB642005FB7C2 /* NextViewController.swift in Sources */ = {isa = PBXBuildFile; fileRef = 3F8F85F5248CB642005FB7C2 /* NextViewController.swift */; };
		F48439DD224C6F1859A9642D /* Pods_Swift5FacebookLoginWithFirebase.framework in Frameworks */ = {isa = PBXBuildFile; fileRef = D369B98503D218CD325EB6EE /* Pods_Swift5FacebookLoginWithFirebase.framework */; };
/* End PBXBuildFile section */

/* Begin PBXFileReference section */
		14930FD90450000E836DC6BC /* Pods-Swift5FacebookLoginWithFirebase.release.xcconfig */ = {isa = PBXFileReference; includeInIndex = 1; lastKnownFileType = text.xcconfig; name = "Pods-Swift5FacebookLoginWithFirebase.release.xcconfig"; path = "Target Support Files/Pods-Swift5FacebookLoginWithFirebase/Pods-Swift5FacebookLoginWithFirebase.release.xcconfig"; sourceTree = "<group>"; };
		3F21B07F2472CCEF00181566 /* Swift5FacebookLoginWithFirebase.app */ = {isa = PBXFileReference; explicitFileType = wrapper.application; includeInIndex = 0; path = Swift5FacebookLoginWithFirebase.app; sourceTree = BUILT_PRODUCTS_DIR; };
		3F21B0822472CCEF00181566 /* AppDelegate.swift */ = {isa = PBXFileReference; lastKnownFileType = sourcecode.swift; path = AppDelegate.swift; sourceTree = "<group>"; };
		3F21B0842472CCEF00181566 /* SceneDelegate.swift */ = {isa = PBXFileReference; lastKnownFileType = sourcecode.swift; path = SceneDelegate.swift; sourceTree = "<group>"; };
		3F21B0862472CCEF00181566 /* ViewController.swift */ = {isa = PBXFileReference; lastKnownFileType = sourcecode.swift; path = ViewController.swift; sourceTree = "<group>"; };
		3F21B0892472CCEF00181566 /* Base */ = {isa = PBXFileReference; lastKnownFileType = file.storyboard; name = Base; path = Base.lproj/Main.storyboard; sourceTree = "<group>"; };
		3F21B08B2472CCF400181566 /* Assets.xcassets */ = {isa = PBXFileReference; lastKnownFileType = folder.assetcatalog; path = Assets.xcassets; sourceTree = "<group>"; };
		3F21B08E2472CCF400181566 /* Base */ = {isa = PBXFileReference; lastKnownFileType = file.storyboard; name = Base; path = Base.lproj/LaunchScreen.storyboard; sourceTree = "<group>"; };
		3F21B0902472CCF400181566 /* Info.plist */ = {isa = PBXFileReference; lastKnownFileType = text.plist.xml; path = Info.plist; sourceTree = "<group>"; };
		3F2559772489E3E4004E0931 /* GoogleService-Info.plist */ = {isa = PBXFileReference; fileEncoding = 4; lastKnownFileType = text.plist.xml; path = "GoogleService-Info.plist"; sourceTree = "<group>"; };
		3F8F85F5248CB642005FB7C2 /* NextViewController.swift */ = {isa = PBXFileReference; lastKnownFileType = sourcecode.swift; path = NextViewController.swift; sourceTree = "<group>"; };
		3F8F85F7248CCCD6005FB7C2 /* ja */ = {isa = PBXFileReference; lastKnownFileType = text.plist.strings; name = ja; path = ja.lproj/Main.strings; sourceTree = "<group>"; };
		3F8F85F8248CCCD6005FB7C2 /* ja */ = {isa = PBXFileReference; lastKnownFileType = text.plist.strings; name = ja; path = ja.lproj/LaunchScreen.strings; sourceTree = "<group>"; };
		D369B98503D218CD325EB6EE /* Pods_Swift5FacebookLoginWithFirebase.framework */ = {isa = PBXFileReference; explicitFileType = wrapper.framework; includeInIndex = 0; path = Pods_Swift5FacebookLoginWithFirebase.framework; sourceTree = BUILT_PRODUCTS_DIR; };
		F3DA4537FD66A1B9FB9CEE8D /* Pods-Swift5FacebookLoginWithFirebase.debug.xcconfig */ = {isa = PBXFileReference; includeInIndex = 1; lastKnownFileType = text.xcconfig; name = "Pods-Swift5FacebookLoginWithFirebase.debug.xcconfig"; path = "Target Support Files/Pods-Swift5FacebookLoginWithFirebase/Pods-Swift5FacebookLoginWithFirebase.debug.xcconfig"; sourceTree = "<group>"; };
/* End PBXFileReference section */

/* Begin PBXFrameworksBuildPhase section */
		3F21B07C2472CCEF00181566 /* Frameworks */ = {
			isa = PBXFrameworksBuildPhase;
			buildActionMask = 2147483647;
			files = (
				F48439DD224C6F1859A9642D /* Pods_Swift5FacebookLoginWithFirebase.framework in Frameworks */,
			);
			runOnlyForDeploymentPostprocessing = 0;
		};
/* End PBXFrameworksBuildPhase section */

/* Begin PBXGroup section */
		3F21B0762472CCEF00181566 = {
			isa = PBXGroup;
			children = (
				3F21B0812472CCEF00181566 /* Swift5FacebookLoginWithFirebase */,
				3F21B0802472CCEF00181566 /* Products */,
				E9F6C84EF33086F56648C9F6 /* Pods */,
				D4073EBA5C732A552A72B912 /* Frameworks */,
			);
			sourceTree = "<group>";
		};
		3F21B0802472CCEF00181566 /* Products */ = {
			isa = PBXGroup;
			children = (
				3F21B07F2472CCEF00181566 /* Swift5FacebookLoginWithFirebase.app */,
			);
			name = Products;
			sourceTree = "<group>";
		};
		3F21B0812472CCEF00181566 /* Swift5FacebookLoginWithFirebase */ = {
			isa = PBXGroup;
			children = (
				3F21B0822472CCEF00181566 /* AppDelegate.swift */,
				3F21B0842472CCEF00181566 /* SceneDelegate.swift */,
				3F21B0862472CCEF00181566 /* ViewController.swift */,
				3F21B0882472CCEF00181566 /* Main.storyboard */,
				3F21B08B2472CCF400181566 /* Assets.xcassets */,
				3F21B08D2472CCF400181566 /* LaunchScreen.storyboard */,
				3F21B0902472CCF400181566 /* Info.plist */,
				3F2559772489E3E4004E0931 /* GoogleService-Info.plist */,
				3F8F85F5248CB642005FB7C2 /* NextViewController.swift */,
			);
			path = Swift5FacebookLoginWithFirebase;
			sourceTree = "<group>";
		};
		D4073EBA5C732A552A72B912 /* Frameworks */ = {
			isa = PBXGroup;
			children = (
				D369B98503D218CD325EB6EE /* Pods_Swift5FacebookLoginWithFirebase.framework */,
			);
			name = Frameworks;
			sourceTree = "<group>";
		};
		E9F6C84EF33086F56648C9F6 /* Pods */ = {
			isa = PBXGroup;
			children = (
				F3DA4537FD66A1B9FB9CEE8D /* Pods-Swift5FacebookLoginWithFirebase.debug.xcconfig */,
				14930FD90450000E836DC6BC /* Pods-Swift5FacebookLoginWithFirebase.release.xcconfig */,
			);
			path = Pods;
			sourceTree = "<group>";
		};
/* End PBXGroup section */

/* Begin PBXNativeTarget section */
		3F21B07E2472CCEF00181566 /* Swift5FacebookLoginWithFirebase */ = {
			isa = PBXNativeTarget;
			buildConfigurationList = 3F21B0932472CCF400181566 /* Build configuration list for PBXNativeTarget "Swift5FacebookLoginWithFirebase" */;
			buildPhases = (
				4BA8AAE5405ABB216F279EE3 /* [CP] Check Pods Manifest.lock */,
				3F21B07B2472CCEF00181566 /* Sources */,
				3F21B07C2472CCEF00181566 /* Frameworks */,
				3F21B07D2472CCEF00181566 /* Resources */,
				30D64A50980DB84D1E7F419E /* [CP] Embed Pods Frameworks */,
			);
			buildRules = (
			);
			dependencies = (
			);
			name = Swift5FacebookLoginWithFirebase;
			productName = Swift5FacebookLoginWithFirebase;
			productReference = 3F21B07F2472CCEF00181566 /* Swift5FacebookLoginWithFirebase.app */;
			productType = "com.apple.product-type.application";
		};
/* End PBXNativeTarget section */

/* Begin PBXProject section */
		3F21B0772472CCEF00181566 /* Project object */ = {
			isa = PBXProject;
			attributes = {
				LastSwiftUpdateCheck = 1140;
				LastUpgradeCheck = 1140;
				ORGANIZATIONNAME = "Yuma Sato";
				TargetAttributes = {
					3F21B07E2472CCEF00181566 = {
						CreatedOnToolsVersion = 11.4.1;
					};
				};
			};
			buildConfigurationList = 3F21B07A2472CCEF00181566 /* Build configuration list for PBXProject "Swift5FacebookLoginWithFirebase" */;
			compatibilityVersion = "Xcode 9.3";
			developmentRegion = en;
			hasScannedForEncodings = 0;
			knownRegions = (
				en,
				Base,
				ja,
			);
			mainGroup = 3F21B0762472CCEF00181566;
			productRefGroup = 3F21B0802472CCEF00181566 /* Products */;
			projectDirPath = "";
			projectRoot = "";
			targets = (
				3F21B07E2472CCEF00181566 /* Swift5FacebookLoginWithFirebase */,
			);
		};
/* End PBXProject section */

/* Begin PBXResourcesBuildPhase section */
		3F21B07D2472CCEF00181566 /* Resources */ = {
			isa = PBXResourcesBuildPhase;
			buildActionMask = 2147483647;
			files = (
				3F21B08F2472CCF400181566 /* LaunchScreen.storyboard in Resources */,
				3F21B08C2472CCF400181566 /* Assets.xcassets in Resources */,
				3F21B08A2472CCEF00181566 /* Main.storyboard in Resources */,
				3F2559782489E3E4004E0931 /* GoogleService-Info.plist in Resources */,
			);
			runOnlyForDeploymentPostprocessing = 0;
		};
/* End PBXResourcesBuildPhase section */

/* Begin PBXShellScriptBuildPhase section */
		30D64A50980DB84D1E7F419E /* [CP] Embed Pods Frameworks */ = {
			isa = PBXShellScriptBuildPhase;
			buildActionMask = 2147483647;
			files = (
			);
			inputFileListPaths = (
				"${PODS_ROOT}/Target Support Files/Pods-Swift5FacebookLoginWithFirebase/Pods-Swift5FacebookLoginWithFirebase-frameworks-${CONFIGURATION}-input-files.xcfilelist",
			);
			name = "[CP] Embed Pods Frameworks";
			outputFileListPaths = (
				"${PODS_ROOT}/Target Support Files/Pods-Swift5FacebookLoginWithFirebase/Pods-Swift5FacebookLoginWithFirebase-frameworks-${CONFIGURATION}-output-files.xcfilelist",
			);
			runOnlyForDeploymentPostprocessing = 0;
			shellPath = /bin/sh;
			shellScript = "\"${PODS_ROOT}/Target Support Files/Pods-Swift5FacebookLoginWithFirebase/Pods-Swift5FacebookLoginWithFirebase-frameworks.sh\"\n";
			showEnvVarsInLog = 0;
		};
		4BA8AAE5405ABB216F279EE3 /* [CP] Check Pods Manifest.lock */ = {
			isa = PBXShellScriptBuildPhase;
			buildActionMask = 2147483647;
			files = (
			);
			inputFileListPaths = (
			);
			inputPaths = (
				"${PODS_PODFILE_DIR_PATH}/Podfile.lock",
				"${PODS_ROOT}/Manifest.lock",
			);
			name = "[CP] Check Pods Manifest.lock";
			outputFileListPaths = (
			);
			outputPaths = (
				"$(DERIVED_FILE_DIR)/Pods-Swift5FacebookLoginWithFirebase-checkManifestLockResult.txt",
			);
			runOnlyForDeploymentPostprocessing = 0;
			shellPath = /bin/sh;
			shellScript = "diff \"${PODS_PODFILE_DIR_PATH}/Podfile.lock\" \"${PODS_ROOT}/Manifest.lock\" > /dev/null\nif [ $? != 0 ] ; then\n    # print error to STDERR\n    echo \"error: The sandbox is not in sync with the Podfile.lock. Run 'pod install' or update your CocoaPods installation.\" >&2\n    exit 1\nfi\n# This output is used by Xcode 'outputs' to avoid re-running this script phase.\necho \"SUCCESS\" > \"${SCRIPT_OUTPUT_FILE_0}\"\n";
			showEnvVarsInLog = 0;
		};
/* End PBXShellScriptBuildPhase section */

/* Begin PBXSourcesBuildPhase section */
		3F21B07B2472CCEF00181566 /* Sources */ = {
			isa = PBXSourcesBuildPhase;
			buildActionMask = 2147483647;
			files = (
				3F21B0872472CCEF00181566 /* ViewController.swift in Sources */,
				3F8F85F6248CB642005FB7C2 /* NextViewController.swift in Sources */,
				3F21B0832472CCEF00181566 /* AppDelegate.swift in Sources */,
				3F21B0852472CCEF00181566 /* SceneDelegate.swift in Sources */,
			);
			runOnlyForDeploymentPostprocessing = 0;
		};
/* End PBXSourcesBuildPhase section */

/* Begin PBXVariantGroup section */
		3F21B0882472CCEF00181566 /* Main.storyboard */ = {
			isa = PBXVariantGroup;
			children = (
				3F21B0892472CCEF00181566 /* Base */,
				3F8F85F7248CCCD6005FB7C2 /* ja */,
			);
			name = Main.storyboard;
			sourceTree = "<group>";
		};
		3F21B08D2472CCF400181566 /* LaunchScreen.storyboard */ = {
			isa = PBXVariantGroup;
			children = (
				3F21B08E2472CCF400181566 /* Base */,
				3F8F85F8248CCCD6005FB7C2 /* ja */,
			);
			name = LaunchScreen.storyboard;
			sourceTree = "<group>";
		};
/* End PBXVariantGroup section */

/* Begin XCBuildConfiguration section */
		3F21B0912472CCF400181566 /* Debug */ = {
			isa = XCBuildConfiguration;
			buildSettings = {
				ALWAYS_SEARCH_USER_PATHS = NO;
				CLANG_ANALYZER_LOCALIZABILITY_NONLOCALIZED = YES;
				CLANG_ANALYZER_NONNULL = YES;
				CLANG_ANALYZER_NUMBER_OBJECT_CONVERSION = YES_AGGRESSIVE;
				CLANG_CXX_LANGUAGE_STANDARD = "gnu++14";
				CLANG_CXX_LIBRARY = "libc++";
				CLANG_ENABLE_MODULES = YES;
				CLANG_ENABLE_OBJC_ARC = YES;
				CLANG_ENABLE_OBJC_WEAK = YES;
				CLANG_WARN_BLOCK_CAPTURE_AUTORELEASING = YES;
				CLANG_WARN_BOOL_CONVERSION = YES;
				CLANG_WARN_COMMA = YES;
				CLANG_WARN_CONSTANT_CONVERSION = YES;
				CLANG_WARN_DEPRECATED_OBJC_IMPLEMENTATIONS = YES;
				CLANG_WARN_DIRECT_OBJC_ISA_USAGE = YES_ERROR;
				CLANG_WARN_DOCUMENTATION_COMMENTS = YES;
				CLANG_WARN_EMPTY_BODY = YES;
				CLANG_WARN_ENUM_CONVERSION = YES;
				CLANG_WARN_INFINITE_RECURSION = YES;
				CLANG_WARN_INT_CONVERSION = YES;
				CLANG_WARN_NON_LITERAL_NULL_CONVERSION = YES;
				CLANG_WARN_OBJC_IMPLICIT_RETAIN_SELF = YES;
				CLANG_WARN_OBJC_LITERAL_CONVERSION = YES;
				CLANG_WARN_OBJC_ROOT_CLASS = YES_ERROR;
				CLANG_WARN_RANGE_LOOP_ANALYSIS = YES;
				CLANG_WARN_STRICT_PROTOTYPES = YES;
				CLANG_WARN_SUSPICIOUS_MOVE = YES;
				CLANG_WARN_UNGUARDED_AVAILABILITY = YES_AGGRESSIVE;
				CLANG_WARN_UNREACHABLE_CODE = YES;
				CLANG_WARN__DUPLICATE_METHOD_MATCH = YES;
				COPY_PHASE_STRIP = NO;
				DEBUG_INFORMATION_FORMAT = dwarf;
				ENABLE_STRICT_OBJC_MSGSEND = YES;
				ENABLE_TESTABILITY = YES;
				GCC_C_LANGUAGE_STANDARD = gnu11;
				GCC_DYNAMIC_NO_PIC = NO;
				GCC_NO_COMMON_BLOCKS = YES;
				GCC_OPTIMIZATION_LEVEL = 0;
				GCC_PREPROCESSOR_DEFINITIONS = (
					"DEBUG=1",
					"$(inherited)",
				);
				GCC_WARN_64_TO_32_BIT_CONVERSION = YES;
				GCC_WARN_ABOUT_RETURN_TYPE = YES_ERROR;
				GCC_WARN_UNDECLARED_SELECTOR = YES;
				GCC_WARN_UNINITIALIZED_AUTOS = YES_AGGRESSIVE;
				GCC_WARN_UNUSED_FUNCTION = YES;
				GCC_WARN_UNUSED_VARIABLE = YES;
				IPHONEOS_DEPLOYMENT_TARGET = 13.4;
				MTL_ENABLE_DEBUG_INFO = INCLUDE_SOURCE;
				MTL_FAST_MATH = YES;
				ONLY_ACTIVE_ARCH = NO;
				SDKROOT = iphoneos;
				SWIFT_ACTIVE_COMPILATION_CONDITIONS = DEBUG;
				SWIFT_OPTIMIZATION_LEVEL = "-Onone";
			};
			name = Debug;
		};
		3F21B0922472CCF400181566 /* Release */ = {
			isa = XCBuildConfiguration;
			buildSettings = {
				ALWAYS_SEARCH_USER_PATHS = NO;
				CLANG_ANALYZER_LOCALIZABILITY_NONLOCALIZED = YES;
				CLANG_ANALYZER_NONNULL = YES;
				CLANG_ANALYZER_NUMBER_OBJECT_CONVERSION = YES_AGGRESSIVE;
				CLANG_CXX_LANGUAGE_STANDARD = "gnu++14";
				CLANG_CXX_LIBRARY = "libc++";
				CLANG_ENABLE_MODULES = YES;
				CLANG_ENABLE_OBJC_ARC = YES;
				CLANG_ENABLE_OBJC_WEAK = YES;
				CLANG_WARN_BLOCK_CAPTURE_AUTORELEASING = YES;
				CLANG_WARN_BOOL_CONVERSION = YES;
				CLANG_WARN_COMMA = YES;
				CLANG_WARN_CONSTANT_CONVERSION = YES;
				CLANG_WARN_DEPRECATED_OBJC_IMPLEMENTATIONS = YES;
				CLANG_WARN_DIRECT_OBJC_ISA_USAGE = YES_ERROR;
				CLANG_WARN_DOCUMENTATION_COMMENTS = YES;
				CLANG_WARN_EMPTY_BODY = YES;
				CLANG_WARN_ENUM_CONVERSION = YES;
				CLANG_WARN_INFINITE_RECURSION = YES;
				CLANG_WARN_INT_CONVERSION = YES;
				CLANG_WARN_NON_LITERAL_NULL_CONVERSION = YES;
				CLANG_WARN_OBJC_IMPLICIT_RETAIN_SELF = YES;
				CLANG_WARN_OBJC_LITERAL_CONVERSION = YES;
				CLANG_WARN_OBJC_ROOT_CLASS = YES_ERROR;
				CLANG_WARN_RANGE_LOOP_ANALYSIS = YES;
				CLANG_WARN_STRICT_PROTOTYPES = YES;
				CLANG_WARN_SUSPICIOUS_MOVE = YES;
				CLANG_WARN_UNGUARDED_AVAILABILITY = YES_AGGRESSIVE;
				CLANG_WARN_UNREACHABLE_CODE = YES;
				CLANG_WARN__DUPLICATE_METHOD_MATCH = YES;
				COPY_PHASE_STRIP = NO;
				DEBUG_INFORMATION_FORMAT = "dwarf-with-dsym";
				ENABLE_NS_ASSERTIONS = NO;
				ENABLE_STRICT_OBJC_MSGSEND = YES;
				GCC_C_LANGUAGE_STANDARD = gnu11;
				GCC_NO_COMMON_BLOCKS = YES;
				GCC_WARN_64_TO_32_BIT_CONVERSION = YES;
				GCC_WARN_ABOUT_RETURN_TYPE = YES_ERROR;
				GCC_WARN_UNDECLARED_SELECTOR = YES;
				GCC_WARN_UNINITIALIZED_AUTOS = YES_AGGRESSIVE;
				GCC_WARN_UNUSED_FUNCTION = YES;
				GCC_WARN_UNUSED_VARIABLE = YES;
				IPHONEOS_DEPLOYMENT_TARGET = 13.4;
				MTL_ENABLE_DEBUG_INFO = NO;
				MTL_FAST_MATH = YES;
				ONLY_ACTIVE_ARCH = NO;
				SDKROOT = iphoneos;
				SWIFT_COMPILATION_MODE = wholemodule;
				SWIFT_OPTIMIZATION_LEVEL = "-O";
				VALIDATE_PRODUCT = YES;
			};
			name = Release;
		};
		3F21B0942472CCF400181566 /* Debug */ = {
			isa = XCBuildConfiguration;
			baseConfigurationReference = F3DA4537FD66A1B9FB9CEE8D /* Pods-Swift5FacebookLoginWithFirebase.debug.xcconfig */;
			buildSettings = {
				ASSETCATALOG_COMPILER_APPICON_NAME = AppIcon;
				CODE_SIGN_STYLE = Automatic;
				DEVELOPMENT_TEAM = 2LXVG84X5Q;
				INFOPLIST_FILE = Swift5FacebookLoginWithFirebase/Info.plist;
				LD_RUNPATH_SEARCH_PATHS = (
					"$(inherited)",
					"@executable_path/Frameworks",
				);
				PRODUCT_BUNDLE_IDENTIFIER = com.yuma.Swift5FacebookLoginWithFirebase;
				PRODUCT_NAME = "$(TARGET_NAME)";
				SWIFT_VERSION = 5.0;
				TARGETED_DEVICE_FAMILY = 1;
			};
			name = Debug;
		};
		3F21B0952472CCF400181566 /* Release */ = {
			isa = XCBuildConfiguration;
			baseConfigurationReference = 14930FD90450000E836DC6BC /* Pods-Swift5FacebookLoginWithFirebase.release.xcconfig */;
			buildSettings = {
				ASSETCATALOG_COMPILER_APPICON_NAME = AppIcon;
				CODE_SIGN_STYLE = Automatic;
				DEVELOPMENT_TEAM = 2LXVG84X5Q;
				INFOPLIST_FILE = Swift5FacebookLoginWithFirebase/Info.plist;
				LD_RUNPATH_SEARCH_PATHS = (
					"$(inherited)",
					"@executable_path/Frameworks",
				);
				PRODUCT_BUNDLE_IDENTIFIER = com.yuma.Swift5FacebookLoginWithFirebase;
				PRODUCT_NAME = "$(TARGET_NAME)";
				SWIFT_VERSION = 5.0;
				TARGETED_DEVICE_FAMILY = 1;
			};
			name = Release;
		};
/* End XCBuildConfiguration section */

/* Begin XCConfigurationList section */
		3F21B07A2472CCEF00181566 /* Build configuration list for PBXProject "Swift5FacebookLoginWithFirebase" */ = {
			isa = XCConfigurationList;
			buildConfigurations = (
				3F21B0912472CCF400181566 /* Debug */,
				3F21B0922472CCF400181566 /* Release */,
			);
			defaultConfigurationIsVisible = 0;
			defaultConfigurationName = Release;
		};
		3F21B0932472CCF400181566 /* Build configuration list for PBXNativeTarget "Swift5FacebookLoginWithFirebase" */ = {
			isa = XCConfigurationList;
			buildConfigurations = (
				3F21B0942472CCF400181566 /* Debug */,
				3F21B0952472CCF400181566 /* Release */,
			);
			defaultConfigurationIsVisible = 0;
			defaultConfigurationName = Release;
		};
/* End XCConfigurationList section */
	};
	rootObject = 3F21B0772472CCEF00181566 /* Project object */;
}
